
Microsoft Visual Studio Solution File, Format Version 12.00
# Visual Studio 14
VisualStudioVersion = 14.0.25420.1
MinimumVisualStudioVersion = 10.0.40219.1
Project("{FAE04EC0-301F-11D3-BF4B-00C04F79EFBC}") = "DogHousePainting", "DogHousePainting\DogHousePainting.csproj", "{02ABD770-B714-4424-9BE9-7D533734800B}"
EndProject
Project("{FAE04EC0-301F-11D3-BF4B-00C04F79EFBC}") = "WorkHours", "WorkHours\WorkHours.csproj", "{C3FA8889-4E2E-4E31-A91F-BDE060AD672A}"
EndProject
Project("{FAE04EC0-301F-11D3-BF4B-00C04F79EFBC}") = "CarToGo", "CarToGo\CarToGo.csproj", "{E16B0030-7B5E-4DEA-98CC-CBF11E808219}"
EndProject
Project("{FAE04EC0-301F-11D3-BF4B-00C04F79EFBC}") = "SoftUniLogo", "SoftUniLogo\SoftUniLogo.csproj", "{8AB326FB-BA57-45EA-91FC-D2F87534819F}"
EndProject
Project("{FAE04EC0-301F-11D3-BF4B-00C04F79EFBC}") = "SumOfTwoNumbers", "SumOfTwoNumbers\SumOfTwoNumbers.csproj", "{B5D9CC3B-409B-4E9A-A7BE-6035F072C3BA}"
EndProject
Project("{FAE04EC0-301F-11D3-BF4B-00C04F79EFBC}") = "GameOfIntervals", "GameOfIntervals\GameOfIntervals.csproj", "{9F43CC44-625A-4AA7-9A1A-19EEEB45A5C9}"
EndProject
Global
	GlobalSection(SolutionConfigurationPlatforms) = preSolution
		Debug|Any CPU = Debug|Any CPU
		Release|Any CPU = Release|Any CPU
	EndGlobalSection
	GlobalSection(ProjectConfigurationPlatforms) = postSolution
		{02ABD770-B714-4424-9BE9-7D533734800B}.Debug|Any CPU.ActiveCfg = Debug|Any CPU
		{02ABD770-B714-4424-9BE9-7D533734800B}.Debug|Any CPU.Build.0 = Debug|Any CPU
		{02ABD770-B714-4424-9BE9-7D533734800B}.Release|Any CPU.ActiveCfg = Release|Any CPU
		{02ABD770-B714-4424-9BE9-7D533734800B}.Release|Any CPU.Build.0 = Release|Any CPU
		{C3FA8889-4E2E-4E31-A91F-BDE060AD672A}.Debug|Any CPU.ActiveCfg = Debug|Any CPU
		{C3FA8889-4E2E-4E31-A91F-BDE060AD672A}.Debug|Any CPU.Build.0 = Debug|Any CPU
		{C3FA8889-4E2E-4E31-A91F-BDE060AD672A}.Release|Any CPU.ActiveCfg = Release|Any CPU
		{C3FA8889-4E2E-4E31-A91F-BDE060AD672A}.Release|Any CPU.Build.0 = Release|Any CPU
		{E16B0030-7B5E-4DEA-98CC-CBF11E808219}.Debug|Any CPU.ActiveCfg = Debug|Any CPU
		{E16B0030-7B5E-4DEA-98CC-CBF11E808219}.Debug|Any CPU.Build.0 = Debug|Any CPU
		{E16B0030-7B5E-4DEA-98CC-CBF11E808219}.Release|Any CPU.ActiveCfg = Release|Any CPU
		{E16B0030-7B5E-4DEA-98CC-CBF11E808219}.Release|Any CPU.Build.0 = Release|Any CPU
		{8AB326FB-BA57-45EA-91FC-D2F87534819F}.Debug|Any CPU.ActiveCfg = Debug|Any CPU
		{8AB326FB-BA57-45EA-91FC-D2F87534819F}.Debug|Any CPU.Build.0 = Debug|Any CPU
		{8AB326FB-BA57-45EA-91FC-D2F87534819F}.Release|Any CPU.ActiveCfg = Release|Any CPU
		{8AB326FB-BA57-45EA-91FC-D2F87534819F}.Release|Any CPU.Build.0 = Release|Any CPU
		{B5D9CC3B-409B-4E9A-A7BE-6035F072C3BA}.Debug|Any CPU.ActiveCfg = Debug|Any CPU
		{B5D9CC3B-409B-4E9A-A7BE-6035F072C3BA}.Debug|Any CPU.Build.0 = Debug|Any CPU
		{B5D9CC3B-409B-4E9A-A7BE-6035F072C3BA}.Release|Any CPU.ActiveCfg = Release|Any CPU
		{B5D9CC3B-409B-4E9A-A7BE-6035F072C3BA}.Release|Any CPU.Build.0 = Release|Any CPU
		{9F43CC44-625A-4AA7-9A1A-19EEEB45A5C9}.Debug|Any CPU.ActiveCfg = Debug|Any CPU
		{9F43CC44-625A-4AA7-9A1A-19EEEB45A5C9}.Debug|Any CPU.Build.0 = Debug|Any CPU
		{9F43CC44-625A-4AA7-9A1A-19EEEB45A5C9}.Release|Any CPU.ActiveCfg = Release|Any CPU
		{9F43CC44-625A-4AA7-9A1A-19EEEB45A5C9}.Release|Any CPU.Build.0 = Release|Any CPU
	EndGlobalSection
	GlobalSection(SolutionProperties) = preSolution
		HideSolutionNode = FALSE
	EndGlobalSection
EndGlobal
